
Microsoft Visual Studio Solution File, Format Version 12.00
# Visual Studio Version 17
VisualStudioVersion = 17.5.002.0
MinimumVisualStudioVersion = 10.0.40219.1
Project("{2150E333-8FDC-42A3-9474-1A3956D46DE8}") = "historico_mudancas", "historico_mudancas", "{AF4F8954-7B64-4200-AAF4-11BCCDE0120F}"
EndProject
Project("{2150E333-8FDC-42A3-9474-1A3956D46DE8}") = "10 - lifetimes", "10 - lifetimes", "{7FD35FB6-7B6A-4DC8-A562-8A90A6FE127D}"
EndProject
Project("{9A19103F-16F7-4668-BE54-9A1E7A4F7556}") = "csharp", "historico_mudancas\10 - lifetimes\csharp\csharp.csproj", "{88D8BF02-01D4-4589-A212-37161A641059}"
EndProject
Global
	GlobalSection(SolutionConfigurationPlatforms) = preSolution
		Debug|Any CPU = Debug|Any CPU
		Release|Any CPU = Release|Any CPU
	EndGlobalSection
	GlobalSection(ProjectConfigurationPlatforms) = postSolution
		{88D8BF02-01D4-4589-A212-37161A641059}.Debug|Any CPU.ActiveCfg = Debug|Any CPU
		{88D8BF02-01D4-4589-A212-37161A641059}.Debug|Any CPU.Build.0 = Debug|Any CPU
		{88D8BF02-01D4-4589-A212-37161A641059}.Release|Any CPU.ActiveCfg = Release|Any CPU
		{88D8BF02-01D4-4589-A212-37161A641059}.Release|Any CPU.Build.0 = Release|Any CPU
	EndGlobalSection
	GlobalSection(SolutionProperties) = preSolution
		HideSolutionNode = FALSE
	EndGlobalSection
	GlobalSection(NestedProjects) = preSolution
		{7FD35FB6-7B6A-4DC8-A562-8A90A6FE127D} = {AF4F8954-7B64-4200-AAF4-11BCCDE0120F}
		{88D8BF02-01D4-4589-A212-37161A641059} = {7FD35FB6-7B6A-4DC8-A562-8A90A6FE127D}
	EndGlobalSection
	GlobalSection(ExtensibilityGlobals) = postSolution
		SolutionGuid = {D8EAB7BF-D844-4181-A1A5-2F23F0D566CE}
	EndGlobalSection
EndGlobal
